[[package]]
category = "main"
description = "Library for prompting input on the command line."
name = "prompt"
optional = false
python-versions = ">=3.3"
version = "0.4.1"

[metadata]
content-hash = "c62c663e0fad31344a0ed5d222660c82a18330c1fbda9ce638aa5d26b74fa472"
lock-version = "1.0"
python-versions = "^3.8"

[metadata.files]
prompt = [
    {file = "prompt-0.4.1-py3-none-any.whl", hash = "sha256:98527de8dc3f0aa29669a39fbffeaf578ba6654dc836f737b6a5c6f9279002b7"},
    {file = "prompt-0.4.1.tar.gz", hash = "sha256:8a7694b88f8c65188a983315e72582bf42fcc251b97042be1d2a2ad1aa0ebe0e"},
]
